// !$*UTF8*$!
{
	archiveVersion = 1;
	classes = {
	};
	objectVersion = 56;
	objects = {

/* Begin PBXBuildFile section */
		13F667392C1CE90000455C90 /* AppDelegate.swift in Sources */ = {isa = PBXBuildFile; fileRef = 13F667382C1CE90000455C90 /* AppDelegate.swift */; };
		13F6673B2C1CE90000455C90 /* SceneDelegate.swift in Sources */ = {isa = PBXBuildFile; fileRef = 13F6673A2C1CE90000455C90 /* SceneDelegate.swift */; };
		13F6673D2C1CE90000455C90 /* ViewController.swift in Sources */ = {isa = PBXBuildFile; fileRef = 13F6673C2C1CE90000455C90 /* ViewController.swift */; };
		13F667402C1CE90000455C90 /* Main.storyboard in Resources */ = {isa = PBXBuildFile; fileRef = 13F6673E2C1CE90000455C90 /* Main.storyboard */; };
		13F667422C1CE90200455C90 /* Assets.xcassets in Resources */ = {isa = PBXBuildFile; fileRef = 13F667412C1CE90200455C90 /* Assets.xcassets */; };
		13F667452C1CE90200455C90 /* LaunchScreen.storyboard in Resources */ = {isa = PBXBuildFile; fileRef = 13F667432C1CE90200455C90 /* LaunchScreen.storyboard */; };
		13F667502C1CE90200455C90 /* TicTacToeTests.swift in Sources */ = {isa = PBXBuildFile; fileRef = 13F6674F2C1CE90200455C90 /* TicTacToeTests.swift */; };
		13F6675A2C1CE90200455C90 /* TicTacToeUITests.swift in Sources */ = {isa = PBXBuildFile; fileRef = 13F667592C1CE90200455C90 /* TicTacToeUITests.swift */; };
		13F6675C2C1CE90200455C90 /* TicTacToeUITestsLaunchTests.swift in Sources */ = {isa = PBXBuildFile; fileRef = 13F6675B2C1CE90200455C90 /* TicTacToeUITestsLaunchTests.swift */; };
		13F6676B2C1D007400455C90 /* Win.mp3 in Resources */ = {isa = PBXBuildFile; fileRef = 13F667692C1D007400455C90 /* Win.mp3 */; };
		13F6676C2C1D007400455C90 /* Draw.mp3 in Resources */ = {isa = PBXBuildFile; fileRef = 13F6676A2C1D007400455C90 /* Draw.mp3 */; };
		13F6676E2C1D024500455C90 /* tap.mp3 in Resources */ = {isa = PBXBuildFile; fileRef = 13F6676D2C1D024500455C90 /* tap.mp3 */; };
/* End PBXBuildFile section */

/* Begin PBXContainerItemProxy section */
		13F6674C2C1CE90200455C90 /* PBXContainerItemProxy */ = {
			isa = PBXContainerItemProxy;
			containerPortal = 13F6672D2C1CE90000455C90 /* Project object */;
			proxyType = 1;
			remoteGlobalIDString = 13F667342C1CE90000455C90;
			remoteInfo = TicTacToe;
		};
		13F667562C1CE90200455C90 /* PBXContainerItemProxy */ = {
			isa = PBXContainerItemProxy;
			containerPortal = 13F6672D2C1CE90000455C90 /* Project object */;
			proxyType = 1;
			remoteGlobalIDString = 13F667342C1CE90000455C90;
			remoteInfo = TicTacToe;
		};
/* End PBXContainerItemProxy section */

/* Begin PBXFileReference section */
		13F667352C1CE90000455C90 /* TicTacToe.app */ = {isa = PBXFileReference; explicitFileType = wrapper.application; includeInIndex = 0; path = TicTacToe.app; sourceTree = BUILT_PRODUCTS_DIR; };
		13F667382C1CE90000455C90 /* AppDelegate.swift */ = {isa = PBXFileReference; lastKnownFileType = sourcecode.swift; path = AppDelegate.swift; sourceTree = "<group>"; };
		13F6673A2C1CE90000455C90 /* SceneDelegate.swift */ = {isa = PBXFileReference; lastKnownFileType = sourcecode.swift; path = SceneDelegate.swift; sourceTree = "<group>"; };
		13F6673C2C1CE90000455C90 /* ViewController.swift */ = {isa = PBXFileReference; lastKnownFileType = sourcecode.swift; path = ViewController.swift; sourceTree = "<group>"; };
		13F6673F2C1CE90000455C90 /* Base */ = {isa = PBXFileReference; lastKnownFileType = file.storyboard; name = Base; path = Base.lproj/Main.storyboard; sourceTree = "<group>"; };
		13F667412C1CE90200455C90 /* Assets.xcassets */ = {isa = PBXFileReference; lastKnownFileType = folder.assetcatalog; path = Assets.xcassets; sourceTree = "<group>"; };
		13F667442C1CE90200455C90 /* Base */ = {isa = PBXFileReference; lastKnownFileType = file.storyboard; name = Base; path = Base.lproj/LaunchScreen.storyboard; sourceTree = "<group>"; };
		13F667462C1CE90200455C90 /* Info.plist */ = {isa = PBXFileReference; lastKnownFileType = text.plist.xml; path = Info.plist; sourceTree = "<group>"; };
		13F6674B2C1CE90200455C90 /* TicTacToeTests.xctest */ = {isa = PBXFileReference; explicitFileType = wrapper.cfbundle; includeInIndex = 0; path = TicTacToeTests.xctest; sourceTree = BUILT_PRODUCTS_DIR; };
		13F6674F2C1CE90200455C90 /* TicTacToeTests.swift */ = {isa = PBXFileReference; lastKnownFileType = sourcecode.swift; path = TicTacToeTests.swift; sourceTree = "<group>"; };
		13F667552C1CE90200455C90 /* TicTacToeUITests.xctest */ = {isa = PBXFileReference; explicitFileType = wrapper.cfbundle; includeInIndex = 0; path = TicTacToeUITests.xctest; sourceTree = BUILT_PRODUCTS_DIR; };
		13F667592C1CE90200455C90 /* TicTacToeUITests.swift */ = {isa = PBXFileReference; lastKnownFileType = sourcecode.swift; path = TicTacToeUITests.swift; sourceTree = "<group>"; };
		13F6675B2C1CE90200455C90 /* TicTacToeUITestsLaunchTests.swift */ = {isa = PBXFileReference; lastKnownFileType = sourcecode.swift; path = TicTacToeUITestsLaunchTests.swift; sourceTree = "<group>"; };
		13F667692C1D007400455C90 /* Win.mp3 */ = {isa = PBXFileReference; lastKnownFileType = audio.mp3; path = Win.mp3; sourceTree = "<group>"; };
		13F6676A2C1D007400455C90 /* Draw.mp3 */ = {isa = PBXFileReference; lastKnownFileType = audio.mp3; path = Draw.mp3; sourceTree = "<group>"; };
		13F6676D2C1D024500455C90 /* tap.mp3 */ = {isa = PBXFileReference; lastKnownFileType = audio.mp3; path = tap.mp3; sourceTree = "<group>"; };
/* End PBXFileReference section */

/* Begin PBXFrameworksBuildPhase section */
		13F667322C1CE90000455C90 /* Frameworks */ = {
			isa = PBXFrameworksBuildPhase;
			buildActionMask = 2147483647;
			files = (
			);
			runOnlyForDeploymentPostprocessing = 0;
		};
		13F667482C1CE90200455C90 /* Frameworks */ = {
			isa = PBXFrameworksBuildPhase;
			buildActionMask = 2147483647;
			files = (
			);
			runOnlyForDeploymentPostprocessing = 0;
		};
		13F667522C1CE90200455C90 /* Frameworks */ = {
			isa = PBXFrameworksBuildPhase;
			buildActionMask = 2147483647;
			files = (
			);
			runOnlyForDeploymentPostprocessing = 0;
		};
/* End PBXFrameworksBuildPhase section */

/* Begin PBXGroup section */
		13F6672C2C1CE90000455C90 = {
			isa = PBXGroup;
			children = (
				13F667372C1CE90000455C90 /* TicTacToe */,
				13F6674E2C1CE90200455C90 /* TicTacToeTests */,
				13F667582C1CE90200455C90 /* TicTacToeUITests */,
				13F667362C1CE90000455C90 /* Products */,
			);
			sourceTree = "<group>";
		};
		13F667362C1CE90000455C90 /* Products */ = {
			isa = PBXGroup;
			children = (
				13F667352C1CE90000455C90 /* TicTacToe.app */,
				13F6674B2C1CE90200455C90 /* TicTacToeTests.xctest */,
				13F667552C1CE90200455C90 /* TicTacToeUITests.xctest */,
			);
			name = Products;
			sourceTree = "<group>";
		};
		13F667372C1CE90000455C90 /* TicTacToe */ = {
			isa = PBXGroup;
			children = (
				13F667682C1D003300455C90 /* sSounds */,
				13F667382C1CE90000455C90 /* AppDelegate.swift */,
				13F6673A2C1CE90000455C90 /* SceneDelegate.swift */,
				13F6673C2C1CE90000455C90 /* ViewController.swift */,
				13F6673E2C1CE90000455C90 /* Main.storyboard */,
				13F667412C1CE90200455C90 /* Assets.xcassets */,
				13F667432C1CE90200455C90 /* LaunchScreen.storyboard */,
				13F667462C1CE90200455C90 /* Info.plist */,
			);
			path = TicTacToe;
			sourceTree = "<group>";
		};
		13F6674E2C1CE90200455C90 /* TicTacToeTests */ = {
			isa = PBXGroup;
			children = (
				13F6674F2C1CE90200455C90 /* TicTacToeTests.swift */,
			);
			path = TicTacToeTests;
			sourceTree = "<group>";
		};
		13F667582C1CE90200455C90 /* TicTacToeUITests */ = {
			isa = PBXGroup;
			children = (
				13F667592C1CE90200455C90 /* TicTacToeUITests.swift */,
				13F6675B2C1CE90200455C90 /* TicTacToeUITestsLaunchTests.swift */,
			);
			path = TicTacToeUITests;
			sourceTree = "<group>";
		};
		13F667682C1D003300455C90 /* sSounds */ = {
			isa = PBXGroup;
			children = (
				13F6676A2C1D007400455C90 /* Draw.mp3 */,
				13F6676D2C1D024500455C90 /* tap.mp3 */,
				13F667692C1D007400455C90 /* Win.mp3 */,
			);
			path = sSounds;
			sourceTree = "<group>";
		};
/* End PBXGroup section */

/* Begin PBXNativeTarget section */
		13F667342C1CE90000455C90 /* TicTacToe */ = {
			isa = PBXNativeTarget;
			buildConfigurationList = 13F6675F2C1CE90200455C90 /* Build configuration list for PBXNativeTarget "TicTacToe" */;
			buildPhases = (
				13F667312C1CE90000455C90 /* Sources */,
				13F667322C1CE90000455C90 /* Frameworks */,
				13F667332C1CE90000455C90 /* Resources */,
			);
			buildRules = (
			);
			dependencies = (
			);
			name = TicTacToe;
			productName = TicTacToe;
			productReference = 13F667352C1CE90000455C90 /* TicTacToe.app */;
			productType = "com.apple.product-type.application";
		};
		13F6674A2C1CE90200455C90 /* TicTacToeTests */ = {
			isa = PBXNativeTarget;
			buildConfigurationList = 13F667622C1CE90200455C90 /* Build configuration list for PBXNativeTarget "TicTacToeTests" */;
			buildPhases = (
				13F667472C1CE90200455C90 /* Sources */,
				13F667482C1CE90200455C90 /* Frameworks */,
				13F667492C1CE90200455C90 /* Resources */,
			);
			buildRules = (
			);
			dependencies = (
				13F6674D2C1CE90200455C90 /* PBXTargetDependency */,
			);
			name = TicTacToeTests;
			productName = TicTacToeTests;
			productReference = 13F6674B2C1CE90200455C90 /* TicTacToeTests.xctest */;
			productType = "com.apple.product-type.bundle.unit-test";
		};
		13F667542C1CE90200455C90 /* TicTacToeUITests */ = {
			isa = PBXNativeTarget;
			buildConfigurationList = 13F667652C1CE90200455C90 /* Build configuration list for PBXNativeTarget "TicTacToeUITests" */;
			buildPhases = (
				13F667512C1CE90200455C90 /* Sources */,
				13F667522C1CE90200455C90 /* Frameworks */,
				13F667532C1CE90200455C90 /* Resources */,
			);
			buildRules = (
			);
			dependencies = (
				13F667572C1CE90200455C90 /* PBXTargetDependency */,
			);
			name = TicTacToeUITests;
			productName = TicTacToeUITests;
			productReference = 13F667552C1CE90200455C90 /* TicTacToeUITests.xctest */;
			productType = "com.apple.product-type.bundle.ui-testing";
		};
/* End PBXNativeTarget section */

/* Begin PBXProject section */
		13F6672D2C1CE90000455C90 /* Project object */ = {
			isa = PBXProject;
			attributes = {
				BuildIndependentTargetsInParallel = 1;
				LastSwiftUpdateCheck = 1520;
				LastUpgradeCheck = 1520;
				TargetAttributes = {
					13F667342C1CE90000455C90 = {
						CreatedOnToolsVersion = 15.2;
					};
					13F6674A2C1CE90200455C90 = {
						CreatedOnToolsVersion = 15.2;
						TestTargetID = 13F667342C1CE90000455C90;
					};
					13F667542C1CE90200455C90 = {
						CreatedOnToolsVersion = 15.2;
						TestTargetID = 13F667342C1CE90000455C90;
					};
				};
			};
			buildConfigurationList = 13F667302C1CE90000455C90 /* Build configuration list for PBXProject "TicTacToe" */;
			compatibilityVersion = "Xcode 14.0";
			developmentRegion = en;
			hasScannedForEncodings = 0;
			knownRegions = (
				en,
				Base,
			);
			mainGroup = 13F6672C2C1CE90000455C90;
			productRefGroup = 13F667362C1CE90000455C90 /* Products */;
			projectDirPath = "";
			projectRoot = "";
			targets = (
				13F667342C1CE90000455C90 /* TicTacToe */,
				13F6674A2C1CE90200455C90 /* TicTacToeTests */,
				13F667542C1CE90200455C90 /* TicTacToeUITests */,
			);
		};
/* End PBXProject section */

/* Begin PBXResourcesBuildPhase section */
		13F667332C1CE90000455C90 /* Resources */ = {
			isa = PBXResourcesBuildPhase;
			buildActionMask = 2147483647;
			files = (
				13F6676E2C1D024500455C90 /* tap.mp3 in Resources */,
				13F667452C1CE90200455C90 /* LaunchScreen.storyboard in Resources */,
				13F667422C1CE90200455C90 /* Assets.xcassets in Resources */,
				13F6676C2C1D007400455C90 /* Draw.mp3 in Resources */,
				13F667402C1CE90000455C90 /* Main.storyboard in Resources */,
				13F6676B2C1D007400455C90 /* Win.mp3 in Resources */,
			);
			runOnlyForDeploymentPostprocessing = 0;
		};
		13F667492C1CE90200455C90 /* Resources */ = {
			isa = PBXResourcesBuildPhase;
			buildActionMask = 2147483647;
			files = (
			);
			runOnlyForDeploymentPostprocessing = 0;
		};
		13F667532C1CE90200455C90 /* Resources */ = {
			isa = PBXResourcesBuildPhase;
			buildActionMask = 2147483647;
			files = (
			);
			runOnlyForDeploymentPostprocessing = 0;
		};
/* End PBXResourcesBuildPhase section */

/* Begin PBXSourcesBuildPhase section */
		13F667312C1CE90000455C90 /* Sources */ = {
			isa = PBXSourcesBuildPhase;
			buildActionMask = 2147483647;
			files = (
				13F6673D2C1CE90000455C90 /* ViewController.swift in Sources */,
				13F667392C1CE90000455C90 /* AppDelegate.swift in Sources */,
				13F6673B2C1CE90000455C90 /* SceneDelegate.swift in Sources */,
			);
			runOnlyForDeploymentPostprocessing = 0;
		};
		13F667472C1CE90200455C90 /* Sources */ = {
			isa = PBXSourcesBuildPhase;
			buildActionMask = 2147483647;
			files = (
				13F667502C1CE90200455C90 /* TicTacToeTests.swift in Sources */,
			);
			runOnlyForDeploymentPostprocessing = 0;
		};
		13F667512C1CE90200455C90 /* Sources */ = {
			isa = PBXSourcesBuildPhase;
			buildActionMask = 2147483647;
			files = (
				13F6675A2C1CE90200455C90 /* TicTacToeUITests.swift in Sources */,
				13F6675C2C1CE90200455C90 /* TicTacToeUITestsLaunchTests.swift in Sources */,
			);
			runOnlyForDeploymentPostprocessing = 0;
		};
/* End PBXSourcesBuildPhase section */

/* Begin PBXTargetDependency section */
		13F6674D2C1CE90200455C90 /* PBXTargetDependency */ = {
			isa = PBXTargetDependency;
			target = 13F667342C1CE90000455C90 /* TicTacToe */;
			targetProxy = 13F6674C2C1CE90200455C90 /* PBXContainerItemProxy */;
		};
		13F667572C1CE90200455C90 /* PBXTargetDependency */ = {
			isa = PBXTargetDependency;
			target = 13F667342C1CE90000455C90 /* TicTacToe */;
			targetProxy = 13F667562C1CE90200455C90 /* PBXContainerItemProxy */;
		};
/* End PBXTargetDependency section */

/* Begin PBXVariantGroup section */
		13F6673E2C1CE90000455C90 /* Main.storyboard */ = {
			isa = PBXVariantGroup;
			children = (
				13F6673F2C1CE90000455C90 /* Base */,
			);
			name = Main.storyboard;
			sourceTree = "<group>";
		};
		13F667432C1CE90200455C90 /* LaunchScreen.storyboard */ = {
			isa = PBXVariantGroup;
			children = (
				13F667442C1CE90200455C90 /* Base */,
			);
			name = LaunchScreen.storyboard;
			sourceTree = "<group>";
		};
/* End PBXVariantGroup section */

/* Begin XCBuildConfiguration section */
		13F6675D2C1CE90200455C90 /* Debug */ = {
			isa = XCBuildConfiguration;
			buildSettings = {
				ALWAYS_SEARCH_USER_PATHS = NO;
				ASSETCATALOG_COMPILER_GENERATE_SWIFT_ASSET_SYMBOL_EXTENSIONS = YES;
				CLANG_ANALYZER_NONNULL = YES;
				CLANG_ANALYZER_NUMBER_OBJECT_CONVERSION = YES_AGGRESSIVE;
				CLANG_CXX_LANGUAGE_STANDARD = "gnu++20";
				CLANG_ENABLE_MODULES = YES;
				CLANG_ENABLE_OBJC_ARC = YES;
				CLANG_ENABLE_OBJC_WEAK = YES;
				CLANG_WARN_BLOCK_CAPTURE_AUTORELEASING = YES;
				CLANG_WARN_BOOL_CONVERSION = YES;
				CLANG_WARN_COMMA = YES;
				CLANG_WARN_CONSTANT_CONVERSION = YES;
				CLANG_WARN_DEPRECATED_OBJC_IMPLEMENTATIONS = YES;
				CLANG_WARN_DIRECT_OBJC_ISA_USAGE = YES_ERROR;
				CLANG_WARN_DOCUMENTATION_COMMENTS = YES;
				CLANG_WARN_EMPTY_BODY = YES;
				CLANG_WARN_ENUM_CONVERSION = YES;
				CLANG_WARN_INFINITE_RECURSION = YES;
				CLANG_WARN_INT_CONVERSION = YES;
				CLANG_WARN_NON_LITERAL_NULL_CONVERSION = YES;
				CLANG_WARN_OBJC_IMPLICIT_RETAIN_SELF = YES;
				CLANG_WARN_OBJC_LITERAL_CONVERSION = YES;
				CLANG_WARN_OBJC_ROOT_CLASS = YES_ERROR;
				CLANG_WARN_QUOTED_INCLUDE_IN_FRAMEWORK_HEADER = YES;
				CLANG_WARN_RANGE_LOOP_ANALYSIS = YES;
				CLANG_WARN_STRICT_PROTOTYPES = YES;
				CLANG_WARN_SUSPICIOUS_MOVE = YES;
				CLANG_WARN_UNGUARDED_AVAILABILITY = YES_AGGRESSIVE;
				CLANG_WARN_UNREACHABLE_CODE = YES;
				CLANG_WARN__DUPLICATE_METHOD_MATCH = YES;
				COPY_PHASE_STRIP = NO;
				DEBUG_INFORMATION_FORMAT = dwarf;
				ENABLE_STRICT_OBJC_MSGSEND = YES;
				ENABLE_TESTABILITY = YES;
				ENABLE_USER_SCRIPT_SANDBOXING = YES;
				GCC_C_LANGUAGE_STANDARD = gnu17;
				GCC_DYNAMIC_NO_PIC = NO;
				GCC_NO_COMMON_BLOCKS = YES;
				GCC_OPTIMIZATION_LEVEL = 0;
				GCC_PREPROCESSOR_DEFINITIONS = (
					"DEBUG=1",
					"$(inherited)",
				);
				GCC_WARN_64_TO_32_BIT_CONVERSION = YES;
				GCC_WARN_ABOUT_RETURN_TYPE = YES_ERROR;
				GCC_WARN_UNDECLARED_SELECTOR = YES;
				GCC_WARN_UNINITIALIZED_AUTOS = YES_AGGRESSIVE;
				GCC_WARN_UNUSED_FUNCTION = YES;
				GCC_WARN_UNUSED_VARIABLE = YES;
				IPHONEOS_DEPLOYMENT_TARGET = 17.2;
				LOCALIZATION_PREFERS_STRING_CATALOGS = YES;
				MTL_ENABLE_DEBUG_INFO = INCLUDE_SOURCE;
				MTL_FAST_MATH = YES;
				ONLY_ACTIVE_ARCH = YES;
				SDKROOT = iphoneos;
				SWIFT_ACTIVE_COMPILATION_CONDITIONS = "DEBUG $(inherited)";
				SWIFT_OPTIMIZATION_LEVEL = "-Onone";
			};
			name = Debug;
		};
		13F6675E2C1CE90200455C90 /* Release */ = {
			isa = XCBuildConfiguration;
			buildSettings = {
				ALWAYS_SEARCH_USER_PATHS = NO;
				ASSETCATALOG_COMPILER_GENERATE_SWIFT_ASSET_SYMBOL_EXTENSIONS = YES;
				CLANG_ANALYZER_NONNULL = YES;
				CLANG_ANALYZER_NUMBER_OBJECT_CONVERSION = YES_AGGRESSIVE;
				CLANG_CXX_LANGUAGE_STANDARD = "gnu++20";
				CLANG_ENABLE_MODULES = YES;
				CLANG_ENABLE_OBJC_ARC = YES;
				CLANG_ENABLE_OBJC_WEAK = YES;
				CLANG_WARN_BLOCK_CAPTURE_AUTORELEASING = YES;
				CLANG_WARN_BOOL_CONVERSION = YES;
				CLANG_WARN_COMMA = YES;
				CLANG_WARN_CONSTANT_CONVERSION = YES;
				CLANG_WARN_DEPRECATED_OBJC_IMPLEMENTATIONS = YES;
				CLANG_WARN_DIRECT_OBJC_ISA_USAGE = YES_ERROR;
				CLANG_WARN_DOCUMENTATION_COMMENTS = YES;
				CLANG_WARN_EMPTY_BODY = YES;
				CLANG_WARN_ENUM_CONVERSION = YES;
				CLANG_WARN_INFINITE_RECURSION = YES;
				CLANG_WARN_INT_CONVERSION = YES;
				CLANG_WARN_NON_LITERAL_NULL_CONVERSION = YES;
				CLANG_WARN_OBJC_IMPLICIT_RETAIN_SELF = YES;
				CLANG_WARN_OBJC_LITERAL_CONVERSION = YES;
				CLANG_WARN_OBJC_ROOT_CLASS = YES_ERROR;
				CLANG_WARN_QUOTED_INCLUDE_IN_FRAMEWORK_HEADER = YES;
				CLANG_WARN_RANGE_LOOP_ANALYSIS = YES;
				CLANG_WARN_STRICT_PROTOTYPES = YES;
				CLANG_WARN_SUSPICIOUS_MOVE = YES;
				CLANG_WARN_UNGUARDED_AVAILABILITY = YES_AGGRESSIVE;
				CLANG_WARN_UNREACHABLE_CODE = YES;
				CLANG_WARN__DUPLICATE_METHOD_MATCH = YES;
				COPY_PHASE_STRIP = NO;
				DEBUG_INFORMATION_FORMAT = "dwarf-with-dsym";
				ENABLE_NS_ASSERTIONS = NO;
				ENABLE_STRICT_OBJC_MSGSEND = YES;
				ENABLE_USER_SCRIPT_SANDBOXING = YES;
				GCC_C_LANGUAGE_STANDARD = gnu17;
				GCC_NO_COMMON_BLOCKS = YES;
				GCC_WARN_64_TO_32_BIT_CONVERSION = YES;
				GCC_WARN_ABOUT_RETURN_TYPE = YES_ERROR;
				GCC_WARN_UNDECLARED_SELECTOR = YES;
				GCC_WARN_UNINITIALIZED_AUTOS = YES_AGGRESSIVE;
				GCC_WARN_UNUSED_FUNCTION = YES;
				GCC_WARN_UNUSED_VARIABLE = YES;
				IPHONEOS_DEPLOYMENT_TARGET = 17.2;
				LOCALIZATION_PREFERS_STRING_CATALOGS = YES;
				MTL_ENABLE_DEBUG_INFO = NO;
				MTL_FAST_MATH = YES;
				SDKROOT = iphoneos;
				SWIFT_COMPILATION_MODE = wholemodule;
				VALIDATE_PRODUCT = YES;
			};
			name = Release;
		};
		13F667602C1CE90200455C90 /* Debug */ = {
			isa = XCBuildConfiguration;
			buildSettings = {
				ASSETCATALOG_COMPILER_APPICON_NAME = AppIcon;
				ASSETCATALOG_COMPILER_GLOBAL_ACCENT_COLOR_NAME = AccentColor;
				CODE_SIGN_STYLE = Automatic;
				CURRENT_PROJECT_VERSION = 1;
				DEVELOPMENT_TEAM = UBFVU3486F;
				GENERATE_INFOPLIST_FILE = YES;
				INFOPLIST_FILE = TicTacToe/Info.plist;
				INFOPLIST_KEY_UIApplicationSupportsIndirectInputEvents = YES;
				INFOPLIST_KEY_UILaunchStoryboardName = LaunchScreen;
				INFOPLIST_KEY_UIMainStoryboardFile = Main;
				INFOPLIST_KEY_UISupportedInterfaceOrientations_iPad = "UIInterfaceOrientationPortrait UIInterfaceOrientationPortraitUpsideDown UIInterfaceOrientationLandscapeLeft UIInterfaceOrientationLandscapeRight";
				INFOPLIST_KEY_UISupportedInterfaceOrientations_iPhone = "UIInterfaceOrientationPortrait UIInterfaceOrientationLandscapeLeft UIInterfaceOrientationLandscapeRight";
				LD_RUNPATH_SEARCH_PATHS = (
					"$(inherited)",
					"@executable_path/Frameworks",
				);
				MARKETING_VERSION = 1.0;
				PRODUCT_BUNDLE_IDENTIFIER = com.biswa.TicTacToe;
				PRODUCT_NAME = "$(TARGET_NAME)";
				SWIFT_EMIT_LOC_STRINGS = YES;
				SWIFT_VERSION = 5.0;
				TARGETED_DEVICE_FAMILY = "1,2";
			};
			name = Debug;
		};
		13F667612C1CE90200455C90 /* Release */ = {
			isa = XCBuildConfiguration;
			buildSettings = {
				ASSETCATALOG_COMPILER_APPICON_NAME = AppIcon;
				ASSETCATALOG_COMPILER_GLOBAL_ACCENT_COLOR_NAME = AccentColor;
				CODE_SIGN_STYLE = Automatic;
				CURRENT_PROJECT_VERSION = 1;
				DEVELOPMENT_TEAM = UBFVU3486F;
				GENERATE_INFOPLIST_FILE = YES;
				INFOPLIST_FILE = TicTacToe/Info.plist;
				INFOPLIST_KEY_UIApplicationSupportsIndirectInputEvents = YES;
				INFOPLIST_KEY_UILaunchStoryboardName = LaunchScreen;
				INFOPLIST_KEY_UIMainStoryboardFile = Main;
				INFOPLIST_KEY_UISupportedInterfaceOrientations_iPad = "UIInterfaceOrientationPortrait UIInterfaceOrientationPortraitUpsideDown UIInterfaceOrientationLandscapeLeft UIInterfaceOrientationLandscapeRight";
				INFOPLIST_KEY_UISupportedInterfaceOrientations_iPhone = "UIInterfaceOrientationPortrait UIInterfaceOrientationLandscapeLeft UIInterfaceOrientationLandscapeRight";
				LD_RUNPATH_SEARCH_PATHS = (
					"$(inherited)",
					"@executable_path/Frameworks",
				);
				MARKETING_VERSION = 1.0;
				PRODUCT_BUNDLE_IDENTIFIER = com.biswa.TicTacToe;
				PRODUCT_NAME = "$(TARGET_NAME)";
				SWIFT_EMIT_LOC_STRINGS = YES;
				SWIFT_VERSION = 5.0;
				TARGETED_DEVICE_FAMILY = "1,2";
			};
			name = Release;
		};
		13F667632C1CE90200455C90 /* Debug */ = {
			isa = XCBuildConfiguration;
			buildSettings = {
				ALWAYS_EMBED_SWIFT_STANDARD_LIBRARIES = YES;
				BUNDLE_LOADER = "$(TEST_HOST)";
				CODE_SIGN_STYLE = Automatic;
				CURRENT_PROJECT_VERSION = 1;
				DEVELOPMENT_TEAM = UBFVU3486F;
				GENERATE_INFOPLIST_FILE = YES;
				IPHONEOS_DEPLOYMENT_TARGET = 17.2;
				MARKETING_VERSION = 1.0;
				PRODUCT_BUNDLE_IDENTIFIER = com.biswa.TicTacToeTests;
				PRODUCT_NAME = "$(TARGET_NAME)";
				SWIFT_EMIT_LOC_STRINGS = NO;
				SWIFT_VERSION = 5.0;
				TARGETED_DEVICE_FAMILY = "1,2";
				TEST_HOST = "$(BUILT_PRODUCTS_DIR)/TicTacToe.app/$(BUNDLE_EXECUTABLE_FOLDER_PATH)/TicTacToe";
			};
			name = Debug;
		};
		13F667642C1CE90200455C90 /* Release */ = {
			isa = XCBuildConfiguration;
			buildSettings = {
				ALWAYS_EMBED_SWIFT_STANDARD_LIBRARIES = YES;
				BUNDLE_LOADER = "$(TEST_HOST)";
				CODE_SIGN_STYLE = Automatic;
				CURRENT_PROJECT_VERSION = 1;
				DEVELOPMENT_TEAM = UBFVU3486F;
				GENERATE_INFOPLIST_FILE = YES;
				IPHONEOS_DEPLOYMENT_TARGET = 17.2;
				MARKETING_VERSION = 1.0;
				PRODUCT_BUNDLE_IDENTIFIER = com.biswa.TicTacToeTests;
				PRODUCT_NAME = "$(TARGET_NAME)";
				SWIFT_EMIT_LOC_STRINGS = NO;
				SWIFT_VERSION = 5.0;
				TARGETED_DEVICE_FAMILY = "1,2";
				TEST_HOST = "$(BUILT_PRODUCTS_DIR)/TicTacToe.app/$(BUNDLE_EXECUTABLE_FOLDER_PATH)/TicTacToe";
			};
			name = Release;
		};
		13F667662C1CE90200455C90 /* Debug */ = {
			isa = XCBuildConfiguration;
			buildSettings = {
				ALWAYS_EMBED_SWIFT_STANDARD_LIBRARIES = YES;
				CODE_SIGN_STYLE = Automatic;
				CURRENT_PROJECT_VERSION = 1;
				DEVELOPMENT_TEAM = UBFVU3486F;
				GENERATE_INFOPLIST_FILE = YES;
				MARKETING_VERSION = 1.0;
				PRODUCT_BUNDLE_IDENTIFIER = com.biswa.TicTacToeUITests;
				PRODUCT_NAME = "$(TARGET_NAME)";
				SWIFT_EMIT_LOC_STRINGS = NO;
				SWIFT_VERSION = 5.0;
				TARGETED_DEVICE_FAMILY = "1,2";
				TEST_TARGET_NAME = TicTacToe;
			};
			name = Debug;
		};
		13F667672C1CE90200455C90 /* Release */ = {
			isa = XCBuildConfiguration;
			buildSettings = {
				ALWAYS_EMBED_SWIFT_STANDARD_LIBRARIES = YES;
				CODE_SIGN_STYLE = Automatic;
				CURRENT_PROJECT_VERSION = 1;
				DEVELOPMENT_TEAM = UBFVU3486F;
				GENERATE_INFOPLIST_FILE = YES;
				MARKETING_VERSION = 1.0;
				PRODUCT_BUNDLE_IDENTIFIER = com.biswa.TicTacToeUITests;
				PRODUCT_NAME = "$(TARGET_NAME)";
				SWIFT_EMIT_LOC_STRINGS = NO;
				SWIFT_VERSION = 5.0;
				TARGETED_DEVICE_FAMILY = "1,2";
				TEST_TARGET_NAME = TicTacToe;
			};
			name = Release;
		};
/* End XCBuildConfiguration section */

/* Begin XCConfigurationList section */
		13F667302C1CE90000455C90 /* Build configuration list for PBXProject "TicTacToe" */ = {
			isa = XCConfigurationList;
			buildConfigurations = (
				13F6675D2C1CE90200455C90 /* Debug */,
				13F6675E2C1CE90200455C90 /* Release */,
			);
			defaultConfigurationIsVisible = 0;
			defaultConfigurationName = Release;
		};
		13F6675F2C1CE90200455C90 /* Build configuration list for PBXNativeTarget "TicTacToe" */ = {
			isa = XCConfigurationList;
			buildConfigurations = (
				13F667602C1CE90200455C90 /* Debug */,
				13F667612C1CE90200455C90 /* Release */,
			);
			defaultConfigurationIsVisible = 0;
			defaultConfigurationName = Release;
		};
		13F667622C1CE90200455C90 /* Build configuration list for PBXNativeTarget "TicTacToeTests" */ = {
			isa = XCConfigurationList;
			buildConfigurations = (
				13F667632C1CE90200455C90 /* Debug */,
				13F667642C1CE90200455C90 /* Release */,
			);
			defaultConfigurationIsVisible = 0;
			defaultConfigurationName = Release;
		};
		13F667652C1CE90200455C90 /* Build configuration list for PBXNativeTarget "TicTacToeUITests" */ = {
			isa = XCConfigurationList;
			buildConfigurations = (
				13F667662C1CE90200455C90 /* Debug */,
				13F667672C1CE90200455C90 /* Release */,
			);
			defaultConfigurationIsVisible = 0;
			defaultConfigurationName = Release;
		};
/* End XCConfigurationList section */
	};
	rootObject = 13F6672D2C1CE90000455C90 /* Project object */;
}
